
Microsoft Visual Studio Solution File, Format Version 12.00
# Visual Studio Version 17
VisualStudioVersion = 17.8.34330.188
MinimumVisualStudioVersion = 10.0.40219.1
Project("{FAE04EC0-301F-11D3-BF4B-00C04F79EFBC}") = "Server", "Server\Server.csproj", "{C84FB072-5351-4436-922F-FFECB780CEAB}"
EndProject
Project("{FAE04EC0-301F-11D3-BF4B-00C04F79EFBC}") = "BuisnesLogic", "BuisnesLogic\BuisnesLogic.csproj", "{F05F6BC4-9F36-4AB8-8065-82F29C8FD3E9}"
EndProject
Project("{FAE04EC0-301F-11D3-BF4B-00C04F79EFBC}") = "Data", "Data\Data.csproj", "{58A77ACC-C185-4023-9996-DF0F22C74873}"
EndProject
Global
	GlobalSection(SolutionConfigurationPlatforms) = preSolution
		Debug|Any CPU = Debug|Any CPU
		Release|Any CPU = Release|Any CPU
	EndGlobalSection
	GlobalSection(ProjectConfigurationPlatforms) = postSolution
		{C84FB072-5351-4436-922F-FFECB780CEAB}.Debug|Any CPU.ActiveCfg = Debug|Any CPU
		{C84FB072-5351-4436-922F-FFECB780CEAB}.Debug|Any CPU.Build.0 = Debug|Any CPU
		{C84FB072-5351-4436-922F-FFECB780CEAB}.Release|Any CPU.ActiveCfg = Release|Any CPU
		{C84FB072-5351-4436-922F-FFECB780CEAB}.Release|Any CPU.Build.0 = Release|Any CPU
		{F05F6BC4-9F36-4AB8-8065-82F29C8FD3E9}.Debug|Any CPU.ActiveCfg = Debug|Any CPU
		{F05F6BC4-9F36-4AB8-8065-82F29C8FD3E9}.Debug|Any CPU.Build.0 = Debug|Any CPU
		{F05F6BC4-9F36-4AB8-8065-82F29C8FD3E9}.Release|Any CPU.ActiveCfg = Release|Any CPU
		{F05F6BC4-9F36-4AB8-8065-82F29C8FD3E9}.Release|Any CPU.Build.0 = Release|Any CPU
		{58A77ACC-C185-4023-9996-DF0F22C74873}.Debug|Any CPU.ActiveCfg = Debug|Any CPU
		{58A77ACC-C185-4023-9996-DF0F22C74873}.Debug|Any CPU.Build.0 = Debug|Any CPU
		{58A77ACC-C185-4023-9996-DF0F22C74873}.Release|Any CPU.ActiveCfg = Release|Any CPU
		{58A77ACC-C185-4023-9996-DF0F22C74873}.Release|Any CPU.Build.0 = Release|Any CPU
	EndGlobalSection
	GlobalSection(SolutionProperties) = preSolution
		HideSolutionNode = FALSE
	EndGlobalSection
	GlobalSection(ExtensibilityGlobals) = postSolution
		SolutionGuid = {B77A5FB8-D792-4C56-A60D-63AAC712528C}
	EndGlobalSection
EndGlobal
